
Microsoft Visual Studio Solution File, Format Version 12.00
# Visual Studio Version 17
VisualStudioVersion = 17.0.31903.59
MinimumVisualStudioVersion = 10.0.40219.1
Project("{2150E333-8FDC-42A3-9474-1A3956D46DE8}") = "src", "src", "{827E0CD3-B72D-47B6-A68D-7590B98EB39B}"
EndProject
Project("{FAE04EC0-301F-11D3-BF4B-00C04F79EFBC}") = "Domain", "src\Domain\Domain.csproj", "{E5B52C7C-7342-40A4-BE2D-57E38903DD2B}"
EndProject
Project("{FAE04EC0-301F-11D3-BF4B-00C04F79EFBC}") = "Application", "src\Application\Application.csproj", "{63F05868-C8FD-43A7-8BE0-809F319542C8}"
EndProject
Project("{FAE04EC0-301F-11D3-BF4B-00C04F79EFBC}") = "Infrastructure", "src\Infrastructure\Infrastructure.csproj", "{D767CD74-9ACB-4FAF-9D2F-3A8114F97EC5}"
EndProject
Project("{FAE04EC0-301F-11D3-BF4B-00C04F79EFBC}") = "Api", "src\Api\Api.csproj", "{CA275EE1-3425-4A81-A551-118CBECBD70C}"
EndProject
Project("{2150E333-8FDC-42A3-9474-1A3956D46DE8}") = "tests", "tests", "{0AB3BF05-4346-4AA6-1389-037BE0695223}"
EndProject
Project("{FAE04EC0-301F-11D3-BF4B-00C04F79EFBC}") = "UnitTest", "tests\UnitTest\UnitTest.csproj", "{9F2693FF-3012-4C33-AC7A-481DE844898E}"
EndProject
Project("{FAE04EC0-301F-11D3-BF4B-00C04F79EFBC}") = "IntegrationTest", "tests\IntegrationTest\IntegrationTest.csproj", "{E12A64D4-14EF-44A2-BA83-10A8F0892D25}"
EndProject
Global
	GlobalSection(SolutionConfigurationPlatforms) = preSolution
		Debug|Any CPU = Debug|Any CPU
		Debug|x64 = Debug|x64
		Debug|x86 = Debug|x86
		Release|Any CPU = Release|Any CPU
		Release|x64 = Release|x64
		Release|x86 = Release|x86
	EndGlobalSection
	GlobalSection(ProjectConfigurationPlatforms) = postSolution
		{E5B52C7C-7342-40A4-BE2D-57E38903DD2B}.Debug|Any CPU.ActiveCfg = Debug|Any CPU
		{E5B52C7C-7342-40A4-BE2D-57E38903DD2B}.Debug|Any CPU.Build.0 = Debug|Any CPU
		{E5B52C7C-7342-40A4-BE2D-57E38903DD2B}.Debug|x64.ActiveCfg = Debug|Any CPU
		{E5B52C7C-7342-40A4-BE2D-57E38903DD2B}.Debug|x64.Build.0 = Debug|Any CPU
		{E5B52C7C-7342-40A4-BE2D-57E38903DD2B}.Debug|x86.ActiveCfg = Debug|Any CPU
		{E5B52C7C-7342-40A4-BE2D-57E38903DD2B}.Debug|x86.Build.0 = Debug|Any CPU
		{E5B52C7C-7342-40A4-BE2D-57E38903DD2B}.Release|Any CPU.ActiveCfg = Release|Any CPU
		{E5B52C7C-7342-40A4-BE2D-57E38903DD2B}.Release|Any CPU.Build.0 = Release|Any CPU
		{E5B52C7C-7342-40A4-BE2D-57E38903DD2B}.Release|x64.ActiveCfg = Release|Any CPU
		{E5B52C7C-7342-40A4-BE2D-57E38903DD2B}.Release|x64.Build.0 = Release|Any CPU
		{E5B52C7C-7342-40A4-BE2D-57E38903DD2B}.Release|x86.ActiveCfg = Release|Any CPU
		{E5B52C7C-7342-40A4-BE2D-57E38903DD2B}.Release|x86.Build.0 = Release|Any CPU
		{63F05868-C8FD-43A7-8BE0-809F319542C8}.Debug|Any CPU.ActiveCfg = Debug|Any CPU
		{63F05868-C8FD-43A7-8BE0-809F319542C8}.Debug|Any CPU.Build.0 = Debug|Any CPU
		{63F05868-C8FD-43A7-8BE0-809F319542C8}.Debug|x64.ActiveCfg = Debug|Any CPU
		{63F05868-C8FD-43A7-8BE0-809F319542C8}.Debug|x64.Build.0 = Debug|Any CPU
		{63F05868-C8FD-43A7-8BE0-809F319542C8}.Debug|x86.ActiveCfg = Debug|Any CPU
		{63F05868-C8FD-43A7-8BE0-809F319542C8}.Debug|x86.Build.0 = Debug|Any CPU
		{63F05868-C8FD-43A7-8BE0-809F319542C8}.Release|Any CPU.ActiveCfg = Release|Any CPU
		{63F05868-C8FD-43A7-8BE0-809F319542C8}.Release|Any CPU.Build.0 = Release|Any CPU
		{63F05868-C8FD-43A7-8BE0-809F319542C8}.Release|x64.ActiveCfg = Release|Any CPU
		{63F05868-C8FD-43A7-8BE0-809F319542C8}.Release|x64.Build.0 = Release|Any CPU
		{63F05868-C8FD-43A7-8BE0-809F319542C8}.Release|x86.ActiveCfg = Release|Any CPU
		{63F05868-C8FD-43A7-8BE0-809F319542C8}.Release|x86.Build.0 = Release|Any CPU
		{D767CD74-9ACB-4FAF-9D2F-3A8114F97EC5}.Debug|Any CPU.ActiveCfg = Debug|Any CPU
		{D767CD74-9ACB-4FAF-9D2F-3A8114F97EC5}.Debug|Any CPU.Build.0 = Debug|Any CPU
		{D767CD74-9ACB-4FAF-9D2F-3A8114F97EC5}.Debug|x64.ActiveCfg = Debug|Any CPU
		{D767CD74-9ACB-4FAF-9D2F-3A8114F97EC5}.Debug|x64.Build.0 = Debug|Any CPU
		{D767CD74-9ACB-4FAF-9D2F-3A8114F97EC5}.Debug|x86.ActiveCfg = Debug|Any CPU
		{D767CD74-9ACB-4FAF-9D2F-3A8114F97EC5}.Debug|x86.Build.0 = Debug|Any CPU
		{D767CD74-9ACB-4FAF-9D2F-3A8114F97EC5}.Release|Any CPU.ActiveCfg = Release|Any CPU
		{D767CD74-9ACB-4FAF-9D2F-3A8114F97EC5}.Release|Any CPU.Build.0 = Release|Any CPU
		{D767CD74-9ACB-4FAF-9D2F-3A8114F97EC5}.Release|x64.ActiveCfg = Release|Any CPU
		{D767CD74-9ACB-4FAF-9D2F-3A8114F97EC5}.Release|x64.Build.0 = Release|Any CPU
		{D767CD74-9ACB-4FAF-9D2F-3A8114F97EC5}.Release|x86.ActiveCfg = Release|Any CPU
		{D767CD74-9ACB-4FAF-9D2F-3A8114F97EC5}.Release|x86.Build.0 = Release|Any CPU
		{CA275EE1-3425-4A81-A551-118CBECBD70C}.Debug|Any CPU.ActiveCfg = Debug|Any CPU
		{CA275EE1-3425-4A81-A551-118CBECBD70C}.Debug|Any CPU.Build.0 = Debug|Any CPU
		{CA275EE1-3425-4A81-A551-118CBECBD70C}.Debug|x64.ActiveCfg = Debug|Any CPU
		{CA275EE1-3425-4A81-A551-118CBECBD70C}.Debug|x64.Build.0 = Debug|Any CPU
		{CA275EE1-3425-4A81-A551-118CBECBD70C}.Debug|x86.ActiveCfg = Debug|Any CPU
		{CA275EE1-3425-4A81-A551-118CBECBD70C}.Debug|x86.Build.0 = Debug|Any CPU
		{CA275EE1-3425-4A81-A551-118CBECBD70C}.Release|Any CPU.ActiveCfg = Release|Any CPU
		{CA275EE1-3425-4A81-A551-118CBECBD70C}.Release|Any CPU.Build.0 = Release|Any CPU
		{CA275EE1-3425-4A81-A551-118CBECBD70C}.Release|x64.ActiveCfg = Release|Any CPU
		{CA275EE1-3425-4A81-A551-118CBECBD70C}.Release|x64.Build.0 = Release|Any CPU
		{CA275EE1-3425-4A81-A551-118CBECBD70C}.Release|x86.ActiveCfg = Release|Any CPU
		{CA275EE1-3425-4A81-A551-118CBECBD70C}.Release|x86.Build.0 = Release|Any CPU
		{9F2693FF-3012-4C33-AC7A-481DE844898E}.Debug|Any CPU.ActiveCfg = Debug|Any CPU
		{9F2693FF-3012-4C33-AC7A-481DE844898E}.Debug|Any CPU.Build.0 = Debug|Any CPU
		{9F2693FF-3012-4C33-AC7A-481DE844898E}.Debug|x64.ActiveCfg = Debug|Any CPU
		{9F2693FF-3012-4C33-AC7A-481DE844898E}.Debug|x64.Build.0 = Debug|Any CPU
		{9F2693FF-3012-4C33-AC7A-481DE844898E}.Debug|x86.ActiveCfg = Debug|Any CPU
		{9F2693FF-3012-4C33-AC7A-481DE844898E}.Debug|x86.Build.0 = Debug|Any CPU
		{9F2693FF-3012-4C33-AC7A-481DE844898E}.Release|Any CPU.ActiveCfg = Release|Any CPU
		{9F2693FF-3012-4C33-AC7A-481DE844898E}.Release|Any CPU.Build.0 = Release|Any CPU
		{9F2693FF-3012-4C33-AC7A-481DE844898E}.Release|x64.ActiveCfg = Release|Any CPU
		{9F2693FF-3012-4C33-AC7A-481DE844898E}.Release|x64.Build.0 = Release|Any CPU
		{9F2693FF-3012-4C33-AC7A-481DE844898E}.Release|x86.ActiveCfg = Release|Any CPU
		{9F2693FF-3012-4C33-AC7A-481DE844898E}.Release|x86.Build.0 = Release|Any CPU
		{E12A64D4-14EF-44A2-BA83-10A8F0892D25}.Debug|Any CPU.ActiveCfg = Debug|Any CPU
		{E12A64D4-14EF-44A2-BA83-10A8F0892D25}.Debug|Any CPU.Build.0 = Debug|Any CPU
		{E12A64D4-14EF-44A2-BA83-10A8F0892D25}.Debug|x64.ActiveCfg = Debug|Any CPU
		{E12A64D4-14EF-44A2-BA83-10A8F0892D25}.Debug|x64.Build.0 = Debug|Any CPU
		{E12A64D4-14EF-44A2-BA83-10A8F0892D25}.Debug|x86.ActiveCfg = Debug|Any CPU
		{E12A64D4-14EF-44A2-BA83-10A8F0892D25}.Debug|x86.Build.0 = Debug|Any CPU
		{E12A64D4-14EF-44A2-BA83-10A8F0892D25}.Release|Any CPU.ActiveCfg = Release|Any CPU
		{E12A64D4-14EF-44A2-BA83-10A8F0892D25}.Release|Any CPU.Build.0 = Release|Any CPU
		{E12A64D4-14EF-44A2-BA83-10A8F0892D25}.Release|x64.ActiveCfg = Release|Any CPU
		{E12A64D4-14EF-44A2-BA83-10A8F0892D25}.Release|x64.Build.0 = Release|Any CPU
		{E12A64D4-14EF-44A2-BA83-10A8F0892D25}.Release|x86.ActiveCfg = Release|Any CPU
		{E12A64D4-14EF-44A2-BA83-10A8F0892D25}.Release|x86.Build.0 = Release|Any CPU
	EndGlobalSection
	GlobalSection(SolutionProperties) = preSolution
		HideSolutionNode = FALSE
	EndGlobalSection
	GlobalSection(NestedProjects) = preSolution
		{E5B52C7C-7342-40A4-BE2D-57E38903DD2B} = {827E0CD3-B72D-47B6-A68D-7590B98EB39B}
		{63F05868-C8FD-43A7-8BE0-809F319542C8} = {827E0CD3-B72D-47B6-A68D-7590B98EB39B}
		{D767CD74-9ACB-4FAF-9D2F-3A8114F97EC5} = {827E0CD3-B72D-47B6-A68D-7590B98EB39B}
		{CA275EE1-3425-4A81-A551-118CBECBD70C} = {827E0CD3-B72D-47B6-A68D-7590B98EB39B}
		{9F2693FF-3012-4C33-AC7A-481DE844898E} = {0AB3BF05-4346-4AA6-1389-037BE0695223}
		{E12A64D4-14EF-44A2-BA83-10A8F0892D25} = {0AB3BF05-4346-4AA6-1389-037BE0695223}
	EndGlobalSection
EndGlobal
